
Microsoft Visual Studio Solution File, Format Version 12.00
# Visual Studio 15
VisualStudioVersion = 15.0.27130.2026
MinimumVisualStudioVersion = 10.0.40219.1
Project("{FAE04EC0-301F-11D3-BF4B-00C04F79EFBC}") = "NumberToNumeralConverter.App", "NumberToNumeralConverter.App\NumberToNumeralConverter.App.csproj", "{39C1F111-F47C-4D82-AECC-68D5CDC7CBCB}"
EndProject
Project("{FAE04EC0-301F-11D3-BF4B-00C04F79EFBC}") = "ToNumealTests.cs", "ToNumealTests.cs\ToNumealTests.cs.csproj", "{67122926-DD44-4C99-AEA1-460959867032}"
EndProject
Global
	GlobalSection(SolutionConfigurationPlatforms) = preSolution
		Debug|Any CPU = Debug|Any CPU
		Release|Any CPU = Release|Any CPU
	EndGlobalSection
	GlobalSection(ProjectConfigurationPlatforms) = postSolution
		{39C1F111-F47C-4D82-AECC-68D5CDC7CBCB}.Debug|Any CPU.ActiveCfg = Debug|Any CPU
		{39C1F111-F47C-4D82-AECC-68D5CDC7CBCB}.Debug|Any CPU.Build.0 = Debug|Any CPU
		{39C1F111-F47C-4D82-AECC-68D5CDC7CBCB}.Release|Any CPU.ActiveCfg = Release|Any CPU
		{39C1F111-F47C-4D82-AECC-68D5CDC7CBCB}.Release|Any CPU.Build.0 = Release|Any CPU
		{67122926-DD44-4C99-AEA1-460959867032}.Debug|Any CPU.ActiveCfg = Debug|Any CPU
		{67122926-DD44-4C99-AEA1-460959867032}.Debug|Any CPU.Build.0 = Debug|Any CPU
		{67122926-DD44-4C99-AEA1-460959867032}.Release|Any CPU.ActiveCfg = Release|Any CPU
		{67122926-DD44-4C99-AEA1-460959867032}.Release|Any CPU.Build.0 = Release|Any CPU
	EndGlobalSection
	GlobalSection(SolutionProperties) = preSolution
		HideSolutionNode = FALSE
	EndGlobalSection
	GlobalSection(ExtensibilityGlobals) = postSolution
		SolutionGuid = {66D71105-82C9-4A51-983A-350BDED0F863}
	EndGlobalSection
EndGlobal
